// !$*UTF8*$!
{
	archiveVersion = 1;
	classes = {
	};
	objectVersion = 50;
	objects = {

/* Begin PBXBuildFile section */
		DF3AF7EF26761E4E003EC665 /* CarsSwiftUIApp.swift in Sources */ = {isa = PBXBuildFile; fileRef = DF3AF7EE26761E4E003EC665 /* CarsSwiftUIApp.swift */; };
		DF3AF7F126761E4E003EC665 /* ContentView.swift in Sources */ = {isa = PBXBuildFile; fileRef = DF3AF7F026761E4E003EC665 /* ContentView.swift */; };
		DF3AF7F326761E51003EC665 /* Assets.xcassets in Resources */ = {isa = PBXBuildFile; fileRef = DF3AF7F226761E51003EC665 /* Assets.xcassets */; };
		DF3AF7F626761E51003EC665 /* Preview Assets.xcassets in Resources */ = {isa = PBXBuildFile; fileRef = DF3AF7F526761E51003EC665 /* Preview Assets.xcassets */; };
		DF3AF7F826761E51003EC665 /* Persistence.swift in Sources */ = {isa = PBXBuildFile; fileRef = DF3AF7F726761E51003EC665 /* Persistence.swift */; };
		DF3AF7FB26761E51003EC665 /* CarsSwiftUI.xcdatamodeld in Sources */ = {isa = PBXBuildFile; fileRef = DF3AF7F926761E51003EC665 /* CarsSwiftUI.xcdatamodeld */; };
/* End PBXBuildFile section */

/* Begin PBXFileReference section */
		DF3AF7EB26761E4E003EC665 /* CarsSwiftUI.app */ = {isa = PBXFileReference; explicitFileType = wrapper.application; includeInIndex = 0; path = CarsSwiftUI.app; sourceTree = BUILT_PRODUCTS_DIR; };
		DF3AF7EE26761E4E003EC665 /* CarsSwiftUIApp.swift */ = {isa = PBXFileReference; lastKnownFileType = sourcecode.swift; path = CarsSwiftUIApp.swift; sourceTree = "<group>"; };
		DF3AF7F026761E4E003EC665 /* ContentView.swift */ = {isa = PBXFileReference; lastKnownFileType = sourcecode.swift; path = ContentView.swift; sourceTree = "<group>"; };
		DF3AF7F226761E51003EC665 /* Assets.xcassets */ = {isa = PBXFileReference; lastKnownFileType = folder.assetcatalog; path = Assets.xcassets; sourceTree = "<group>"; };
		DF3AF7F526761E51003EC665 /* Preview Assets.xcassets */ = {isa = PBXFileReference; lastKnownFileType = folder.assetcatalog; path = "Preview Assets.xcassets"; sourceTree = "<group>"; };
		DF3AF7F726761E51003EC665 /* Persistence.swift */ = {isa = PBXFileReference; lastKnownFileType = sourcecode.swift; path = Persistence.swift; sourceTree = "<group>"; };
		DF3AF7FA26761E51003EC665 /* CarsSwiftUI.xcdatamodel */ = {isa = PBXFileReference; lastKnownFileType = wrapper.xcdatamodel; path = CarsSwiftUI.xcdatamodel; sourceTree = "<group>"; };
		DF3AF7FC26761E51003EC665 /* Info.plist */ = {isa = PBXFileReference; lastKnownFileType = text.plist.xml; path = Info.plist; sourceTree = "<group>"; };
/* End PBXFileReference section */

/* Begin PBXFrameworksBuildPhase section */
		DF3AF7E826761E4E003EC665 /* Frameworks */ = {
			isa = PBXFrameworksBuildPhase;
			buildActionMask = 2147483647;
			files = (
			);
			runOnlyForDeploymentPostprocessing = 0;
		};
/* End PBXFrameworksBuildPhase section */

/* Begin PBXGroup section */
		DF3AF7E226761E4E003EC665 = {
			isa = PBXGroup;
			children = (
				DF3AF7ED26761E4E003EC665 /* CarsSwiftUI */,
				DF3AF7EC26761E4E003EC665 /* Products */,
			);
			sourceTree = "<group>";
		};
		DF3AF7EC26761E4E003EC665 /* Products */ = {
			isa = PBXGroup;
			children = (
				DF3AF7EB26761E4E003EC665 /* CarsSwiftUI.app */,
			);
			name = Products;
			sourceTree = "<group>";
		};
		DF3AF7ED26761E4E003EC665 /* CarsSwiftUI */ = {
			isa = PBXGroup;
			children = (
				DF3AF7EE26761E4E003EC665 /* CarsSwiftUIApp.swift */,
				DF3AF7F026761E4E003EC665 /* ContentView.swift */,
				DF3AF7F226761E51003EC665 /* Assets.xcassets */,
				DF3AF7F726761E51003EC665 /* Persistence.swift */,
				DF3AF7FC26761E51003EC665 /* Info.plist */,
				DF3AF7F926761E51003EC665 /* CarsSwiftUI.xcdatamodeld */,
				DF3AF7F426761E51003EC665 /* Preview Content */,
			);
			path = CarsSwiftUI;
			sourceTree = "<group>";
		};
		DF3AF7F426761E51003EC665 /* Preview Content */ = {
			isa = PBXGroup;
			children = (
				DF3AF7F526761E51003EC665 /* Preview Assets.xcassets */,
			);
			path = "Preview Content";
			sourceTree = "<group>";
		};
/* End PBXGroup section */

/* Begin PBXNativeTarget section */
		DF3AF7EA26761E4E003EC665 /* CarsSwiftUI */ = {
			isa = PBXNativeTarget;
			buildConfigurationList = DF3AF7FF26761E51003EC665 /* Build configuration list for PBXNativeTarget "CarsSwiftUI" */;
			buildPhases = (
				DF3AF7E726761E4E003EC665 /* Sources */,
				DF3AF7E826761E4E003EC665 /* Frameworks */,
				DF3AF7E926761E4E003EC665 /* Resources */,
			);
			buildRules = (
			);
			dependencies = (
			);
			name = CarsSwiftUI;
			productName = CarsSwiftUI;
			productReference = DF3AF7EB26761E4E003EC665 /* CarsSwiftUI.app */;
			productType = "com.apple.product-type.application";
		};
/* End PBXNativeTarget section */

/* Begin PBXProject section */
		DF3AF7E326761E4E003EC665 /* Project object */ = {
			isa = PBXProject;
			attributes = {
				LastSwiftUpdateCheck = 1240;
				LastUpgradeCheck = 1240;
				TargetAttributes = {
					DF3AF7EA26761E4E003EC665 = {
						CreatedOnToolsVersion = 12.4;
					};
				};
			};
			buildConfigurationList = DF3AF7E626761E4E003EC665 /* Build configuration list for PBXProject "CarsSwiftUI" */;
			compatibilityVersion = "Xcode 9.3";
			developmentRegion = en;
			hasScannedForEncodings = 0;
			knownRegions = (
				en,
				Base,
			);
			mainGroup = DF3AF7E226761E4E003EC665;
			productRefGroup = DF3AF7EC26761E4E003EC665 /* Products */;
			projectDirPath = "";
			projectRoot = "";
			targets = (
				DF3AF7EA26761E4E003EC665 /* CarsSwiftUI */,
			);
		};
/* End PBXProject section */

/* Begin PBXResourcesBuildPhase section */
		DF3AF7E926761E4E003EC665 /* Resources */ = {
			isa = PBXResourcesBuildPhase;
			buildActionMask = 2147483647;
			files = (
				DF3AF7F626761E51003EC665 /* Preview Assets.xcassets in Resources */,
				DF3AF7F326761E51003EC665 /* Assets.xcassets in Resources */,
			);
			runOnlyForDeploymentPostprocessing = 0;
		};
/* End PBXResourcesBuildPhase section */

/* Begin PBXSourcesBuildPhase section */
		DF3AF7E726761E4E003EC665 /* Sources */ = {
			isa = PBXSourcesBuildPhase;
			buildActionMask = 2147483647;
			files = (
				DF3AF7FB26761E51003EC665 /* CarsSwiftUI.xcdatamodeld in Sources */,
				DF3AF7F826761E51003EC665 /* Persistence.swift in Sources */,
				DF3AF7F126761E4E003EC665 /* ContentView.swift in Sources */,
				DF3AF7EF26761E4E003EC665 /* CarsSwiftUIApp.swift in Sources */,
			);
			runOnlyForDeploymentPostprocessing = 0;
		};
/* End PBXSourcesBuildPhase section */

/* Begin XCBuildConfiguration section */
		DF3AF7FD26761E51003EC665 /* Debug */ = {
			isa = XCBuildConfiguration;
			buildSettings = {
				ALWAYS_SEARCH_USER_PATHS = NO;
				CLANG_ANALYZER_NONNULL = YES;
				CLANG_ANALYZER_NUMBER_OBJECT_CONVERSION = YES_AGGRESSIVE;
				CLANG_CXX_LANGUAGE_STANDARD = "gnu++14";
				CLANG_CXX_LIBRARY = "libc++";
				CLANG_ENABLE_MODULES = YES;
				CLANG_ENABLE_OBJC_ARC = YES;
				CLANG_ENABLE_OBJC_WEAK = YES;
				CLANG_WARN_BLOCK_CAPTURE_AUTORELEASING = YES;
				CLANG_WARN_BOOL_CONVERSION = YES;
				CLANG_WARN_COMMA = YES;
				CLANG_WARN_CONSTANT_CONVERSION = YES;
				CLANG_WARN_DEPRECATED_OBJC_IMPLEMENTATIONS = YES;
				CLANG_WARN_DIRECT_OBJC_ISA_USAGE = YES_ERROR;
				CLANG_WARN_DOCUMENTATION_COMMENTS = YES;
				CLANG_WARN_EMPTY_BODY = YES;
				CLANG_WARN_ENUM_CONVERSION = YES;
				CLANG_WARN_INFINITE_RECURSION = YES;
				CLANG_WARN_INT_CONVERSION = YES;
				CLANG_WARN_NON_LITERAL_NULL_CONVERSION = YES;
				CLANG_WARN_OBJC_IMPLICIT_RETAIN_SELF = YES;
				CLANG_WARN_OBJC_LITERAL_CONVERSION = YES;
				CLANG_WARN_OBJC_ROOT_CLASS = YES_ERROR;
				CLANG_WARN_QUOTED_INCLUDE_IN_FRAMEWORK_HEADER = YES;
				CLANG_WARN_RANGE_LOOP_ANALYSIS = YES;
				CLANG_WARN_STRICT_PROTOTYPES = YES;
				CLANG_WARN_SUSPICIOUS_MOVE = YES;
				CLANG_WARN_UNGUARDED_AVAILABILITY = YES_AGGRESSIVE;
				CLANG_WARN_UNREACHABLE_CODE = YES;
				CLANG_WARN__DUPLICATE_METHOD_MATCH = YES;
				COPY_PHASE_STRIP = NO;
				DEBUG_INFORMATION_FORMAT = dwarf;
				ENABLE_STRICT_OBJC_MSGSEND = YES;
				ENABLE_TESTABILITY = YES;
				GCC_C_LANGUAGE_STANDARD = gnu11;
				GCC_DYNAMIC_NO_PIC = NO;
				GCC_NO_COMMON_BLOCKS = YES;
				GCC_OPTIMIZATION_LEVEL = 0;
				GCC_PREPROCESSOR_DEFINITIONS = (
					"DEBUG=1",
					"$(inherited)",
				);
				GCC_WARN_64_TO_32_BIT_CONVERSION = YES;
				GCC_WARN_ABOUT_RETURN_TYPE = YES_ERROR;
				GCC_WARN_UNDECLARED_SELECTOR = YES;
				GCC_WARN_UNINITIALIZED_AUTOS = YES_AGGRESSIVE;
				GCC_WARN_UNUSED_FUNCTION = YES;
				GCC_WARN_UNUSED_VARIABLE = YES;
				IPHONEOS_DEPLOYMENT_TARGET = 14.4;
				MTL_ENABLE_DEBUG_INFO = INCLUDE_SOURCE;
				MTL_FAST_MATH = YES;
				ONLY_ACTIVE_ARCH = YES;
				SDKROOT = iphoneos;
				SWIFT_ACTIVE_COMPILATION_CONDITIONS = DEBUG;
				SWIFT_OPTIMIZATION_LEVEL = "-Onone";
			};
			name = Debug;
		};
		DF3AF7FE26761E51003EC665 /* Release */ = {
			isa = XCBuildConfiguration;
			buildSettings = {
				ALWAYS_SEARCH_USER_PATHS = NO;
				CLANG_ANALYZER_NONNULL = YES;
				CLANG_ANALYZER_NUMBER_OBJECT_CONVERSION = YES_AGGRESSIVE;
				CLANG_CXX_LANGUAGE_STANDARD = "gnu++14";
				CLANG_CXX_LIBRARY = "libc++";
				CLANG_ENABLE_MODULES = YES;
				CLANG_ENABLE_OBJC_ARC = YES;
				CLANG_ENABLE_OBJC_WEAK = YES;
				CLANG_WARN_BLOCK_CAPTURE_AUTORELEASING = YES;
				CLANG_WARN_BOOL_CONVERSION = YES;
				CLANG_WARN_COMMA = YES;
				CLANG_WARN_CONSTANT_CONVERSION = YES;
				CLANG_WARN_DEPRECATED_OBJC_IMPLEMENTATIONS = YES;
				CLANG_WARN_DIRECT_OBJC_ISA_USAGE = YES_ERROR;
				CLANG_WARN_DOCUMENTATION_COMMENTS = YES;
				CLANG_WARN_EMPTY_BODY = YES;
				CLANG_WARN_ENUM_CONVERSION = YES;
				CLANG_WARN_INFINITE_RECURSION = YES;
				CLANG_WARN_INT_CONVERSION = YES;
				CLANG_WARN_NON_LITERAL_NULL_CONVERSION = YES;
				CLANG_WARN_OBJC_IMPLICIT_RETAIN_SELF = YES;
				CLANG_WARN_OBJC_LITERAL_CONVERSION = YES;
				CLANG_WARN_OBJC_ROOT_CLASS = YES_ERROR;
				CLANG_WARN_QUOTED_INCLUDE_IN_FRAMEWORK_HEADER = YES;
				CLANG_WARN_RANGE_LOOP_ANALYSIS = YES;
				CLANG_WARN_STRICT_PROTOTYPES = YES;
				CLANG_WARN_SUSPICIOUS_MOVE = YES;
				CLANG_WARN_UNGUARDED_AVAILABILITY = YES_AGGRESSIVE;
				CLANG_WARN_UNREACHABLE_CODE = YES;
				CLANG_WARN__DUPLICATE_METHOD_MATCH = YES;
				COPY_PHASE_STRIP = NO;
				DEBUG_INFORMATION_FORMAT = "dwarf-with-dsym";
				ENABLE_NS_ASSERTIONS = NO;
				ENABLE_STRICT_OBJC_MSGSEND = YES;
				GCC_C_LANGUAGE_STANDARD = gnu11;
				GCC_NO_COMMON_BLOCKS = YES;
				GCC_WARN_64_TO_32_BIT_CONVERSION = YES;
				GCC_WARN_ABOUT_RETURN_TYPE = YES_ERROR;
				GCC_WARN_UNDECLARED_SELECTOR = YES;
				GCC_WARN_UNINITIALIZED_AUTOS = YES_AGGRESSIVE;
				GCC_WARN_UNUSED_FUNCTION = YES;
				GCC_WARN_UNUSED_VARIABLE = YES;
				IPHONEOS_DEPLOYMENT_TARGET = 14.4;
				MTL_ENABLE_DEBUG_INFO = NO;
				MTL_FAST_MATH = YES;
				SDKROOT = iphoneos;
				SWIFT_COMPILATION_MODE = wholemodule;
				SWIFT_OPTIMIZATION_LEVEL = "-O";
				VALIDATE_PRODUCT = YES;
			};
			name = Release;
		};
		DF3AF80026761E51003EC665 /* Debug */ = {
			isa = XCBuildConfiguration;
			buildSettings = {
				ASSETCATALOG_COMPILER_APPICON_NAME = AppIcon;
				ASSETCATALOG_COMPILER_GLOBAL_ACCENT_COLOR_NAME = AccentColor;
				CODE_SIGN_STYLE = Automatic;
				DEVELOPMENT_ASSET_PATHS = "\"CarsSwiftUI/Preview Content\"";
				DEVELOPMENT_TEAM = 5ULAX9V4M6;
				ENABLE_PREVIEWS = YES;
				INFOPLIST_FILE = CarsSwiftUI/Info.plist;
				IPHONEOS_DEPLOYMENT_TARGET = 14.0;
				LD_RUNPATH_SEARCH_PATHS = (
					"$(inherited)",
					"@executable_path/Frameworks",
				);
				PRODUCT_BUNDLE_IDENTIFIER = com.example.CarsSwiftUI;
				PRODUCT_NAME = "$(TARGET_NAME)";
				SWIFT_VERSION = 5.0;
				TARGETED_DEVICE_FAMILY = "1,2";
			};
			name = Debug;
		};
		DF3AF80126761E51003EC665 /* Release */ = {
			isa = XCBuildConfiguration;
			buildSettings = {
				ASSETCATALOG_COMPILER_APPICON_NAME = AppIcon;
				ASSETCATALOG_COMPILER_GLOBAL_ACCENT_COLOR_NAME = AccentColor;
				CODE_SIGN_STYLE = Automatic;
				DEVELOPMENT_ASSET_PATHS = "\"CarsSwiftUI/Preview Content\"";
				DEVELOPMENT_TEAM = 5ULAX9V4M6;
				ENABLE_PREVIEWS = YES;
				INFOPLIST_FILE = CarsSwiftUI/Info.plist;
				IPHONEOS_DEPLOYMENT_TARGET = 14.0;
				LD_RUNPATH_SEARCH_PATHS = (
					"$(inherited)",
					"@executable_path/Frameworks",
				);
				PRODUCT_BUNDLE_IDENTIFIER = com.example.CarsSwiftUI;
				PRODUCT_NAME = "$(TARGET_NAME)";
				SWIFT_VERSION = 5.0;
				TARGETED_DEVICE_FAMILY = "1,2";
			};
			name = Release;
		};
/* End XCBuildConfiguration section */

/* Begin XCConfigurationList section */
		DF3AF7E626761E4E003EC665 /* Build configuration list for PBXProject "CarsSwiftUI" */ = {
			isa = XCConfigurationList;
			buildConfigurations = (
				DF3AF7FD26761E51003EC665 /* Debug */,
				DF3AF7FE26761E51003EC665 /* Release */,
			);
			defaultConfigurationIsVisible = 0;
			defaultConfigurationName = Release;
		};
		DF3AF7FF26761E51003EC665 /* Build configuration list for PBXNativeTarget "CarsSwiftUI" */ = {
			isa = XCConfigurationList;
			buildConfigurations = (
				DF3AF80026761E51003EC665 /* Debug */,
				DF3AF80126761E51003EC665 /* Release */,
			);
			defaultConfigurationIsVisible = 0;
			defaultConfigurationName = Release;
		};
/* End XCConfigurationList section */

/* Begin XCVersionGroup section */
		DF3AF7F926761E51003EC665 /* CarsSwiftUI.xcdatamodeld */ = {
			isa = XCVersionGroup;
			children = (
				DF3AF7FA26761E51003EC665 /* CarsSwiftUI.xcdatamodel */,
			);
			currentVersion = DF3AF7FA26761E51003EC665 /* CarsSwiftUI.xcdatamodel */;
			path = CarsSwiftUI.xcdatamodeld;
			sourceTree = "<group>";
			versionGroupType = wrapper.xcdatamodel;
		};
/* End XCVersionGroup section */
	};
	rootObject = DF3AF7E326761E4E003EC665 /* Project object */;
}
